{
  "name": "foliage",
  "lockfileVersion": 3,
  "requires": true,
  "packages": {
    "": {
      "dependencies": {
        "@cloudinary/url-gen": "^1.16.1"
      }
    },
    "node_modules/@cloudinary/transformation-builder-sdk": {
      "version": "1.10.3",
      "resolved": "https://registry.npmjs.org/@cloudinary/transformation-builder-sdk/-/transformation-builder-sdk-1.10.3.tgz",
      "integrity": "sha512-ybLvj4+WDK50BcPAa1aBKJ/etWiesmBzcEJxVorMjus+fKej10TlHmsUIqFltKAj55MRodXijV+iuzKeErU1Zg==",
      "dependencies": {
        "@cloudinary/url-gen": "^1.7.0"
      }
    },
    "node_modules/@cloudinary/url-gen": {
      "version": "1.16.1",
      "resolved": "https://registry.npmjs.org/@cloudinary/url-gen/-/url-gen-1.16.1.tgz",
      "integrity": "sha512-lRg0LlRJKrHHhSAedwR7u4YDvPQ2zuyXH3FpmyD8Ki6+/pcRVEJmkokKYnnbRNsu40smXFNJa6IHqjxsfbMmQg==",
      "dependencies": {
        "@cloudinary/transformation-builder-sdk": "^1.10.3"
      }
    }
  }
}
